// !$*UTF8*$!
{
	archiveVersion = 1;
	classes = {
	};
	objectVersion = 50;
	objects = {

/* Begin PBXBuildFile section */
		C9B5C6C120F6F0D0001E6206 /* AppDelegate.swift in Sources */ = {isa = PBXBuildFile; fileRef = C9B5C6C020F6F0D0001E6206 /* AppDelegate.swift */; };
		C9B5C6C320F6F0D0001E6206 /* ViewController.swift in Sources */ = {isa = PBXBuildFile; fileRef = C9B5C6C220F6F0D0001E6206 /* ViewController.swift */; };
		C9B5C6C620F6F0D0001E6206 /* Main.storyboard in Resources */ = {isa = PBXBuildFile; fileRef = C9B5C6C420F6F0D0001E6206 /* Main.storyboard */; };
		C9B5C6C820F6F0D1001E6206 /* Assets.xcassets in Resources */ = {isa = PBXBuildFile; fileRef = C9B5C6C720F6F0D1001E6206 /* Assets.xcassets */; };
		C9B5C6CB20F6F0D1001E6206 /* LaunchScreen.storyboard in Resources */ = {isa = PBXBuildFile; fileRef = C9B5C6C920F6F0D1001E6206 /* LaunchScreen.storyboard */; };
		C9B5C6D620F6F0D1001E6206 /* PFExtensionObject_SwiftTests.swift in Sources */ = {isa = PBXBuildFile; fileRef = C9B5C6D520F6F0D1001E6206 /* PFExtensionObject_SwiftTests.swift */; };
		C9B5C6E120F6F0D1001E6206 /* PFExtensionObject_SwiftUITests.swift in Sources */ = {isa = PBXBuildFile; fileRef = C9B5C6E020F6F0D1001E6206 /* PFExtensionObject_SwiftUITests.swift */; };
		C9B5C6F620F6F10A001E6206 /* PFExtensionIndex.swift in Sources */ = {isa = PBXBuildFile; fileRef = C9B5C6EF20F6F10A001E6206 /* PFExtensionIndex.swift */; };
		C9B5C6F720F6F10A001E6206 /* PFUILabelExtension.swift in Sources */ = {isa = PBXBuildFile; fileRef = C9B5C6F020F6F10A001E6206 /* PFUILabelExtension.swift */; };
		C9B5C6F820F6F10A001E6206 /* PFUIButtonExtension.swift in Sources */ = {isa = PBXBuildFile; fileRef = C9B5C6F120F6F10A001E6206 /* PFUIButtonExtension.swift */; };
		C9B5C6F920F6F10A001E6206 /* PFUITextFieldExtension.swift in Sources */ = {isa = PBXBuildFile; fileRef = C9B5C6F220F6F10A001E6206 /* PFUITextFieldExtension.swift */; };
		C9B5C6FA20F6F10A001E6206 /* PFStringExtension.swift in Sources */ = {isa = PBXBuildFile; fileRef = C9B5C6F320F6F10A001E6206 /* PFStringExtension.swift */; };
		C9B5C6FB20F6F10A001E6206 /* PFAlert.swift in Sources */ = {isa = PBXBuildFile; fileRef = C9B5C6F420F6F10A001E6206 /* PFAlert.swift */; };
		C9B5C6FC20F6F10A001E6206 /* PFObjectExtension.swift in Sources */ = {isa = PBXBuildFile; fileRef = C9B5C6F520F6F10A001E6206 /* PFObjectExtension.swift */; };
/* End PBXBuildFile section */

/* Begin PBXContainerItemProxy section */
		C9B5C6D220F6F0D1001E6206 /* PBXContainerItemProxy */ = {
			isa = PBXContainerItemProxy;
			containerPortal = C9B5C6B520F6F0D0001E6206 /* Project object */;
			proxyType = 1;
			remoteGlobalIDString = C9B5C6BC20F6F0D0001E6206;
			remoteInfo = "PFExtensionObject-Swift";
		};
		C9B5C6DD20F6F0D1001E6206 /* PBXContainerItemProxy */ = {
			isa = PBXContainerItemProxy;
			containerPortal = C9B5C6B520F6F0D0001E6206 /* Project object */;
			proxyType = 1;
			remoteGlobalIDString = C9B5C6BC20F6F0D0001E6206;
			remoteInfo = "PFExtensionObject-Swift";
		};
/* End PBXContainerItemProxy section */

/* Begin PBXFileReference section */
		C9B5C6BD20F6F0D0001E6206 /* PFExtensionObject-Swift.app */ = {isa = PBXFileReference; explicitFileType = wrapper.application; includeInIndex = 0; path = "PFExtensionObject-Swift.app"; sourceTree = BUILT_PRODUCTS_DIR; };
		C9B5C6C020F6F0D0001E6206 /* AppDelegate.swift */ = {isa = PBXFileReference; lastKnownFileType = sourcecode.swift; path = AppDelegate.swift; sourceTree = "<group>"; };
		C9B5C6C220F6F0D0001E6206 /* ViewController.swift */ = {isa = PBXFileReference; lastKnownFileType = sourcecode.swift; path = ViewController.swift; sourceTree = "<group>"; };
		C9B5C6C520F6F0D0001E6206 /* Base */ = {isa = PBXFileReference; lastKnownFileType = file.storyboard; name = Base; path = Base.lproj/Main.storyboard; sourceTree = "<group>"; };
		C9B5C6C720F6F0D1001E6206 /* Assets.xcassets */ = {isa = PBXFileReference; lastKnownFileType = folder.assetcatalog; path = Assets.xcassets; sourceTree = "<group>"; };
		C9B5C6CA20F6F0D1001E6206 /* Base */ = {isa = PBXFileReference; lastKnownFileType = file.storyboard; name = Base; path = Base.lproj/LaunchScreen.storyboard; sourceTree = "<group>"; };
		C9B5C6CC20F6F0D1001E6206 /* Info.plist */ = {isa = PBXFileReference; lastKnownFileType = text.plist.xml; path = Info.plist; sourceTree = "<group>"; };
		C9B5C6D120F6F0D1001E6206 /* PFExtensionObject-SwiftTests.xctest */ = {isa = PBXFileReference; explicitFileType = wrapper.cfbundle; includeInIndex = 0; path = "PFExtensionObject-SwiftTests.xctest"; sourceTree = BUILT_PRODUCTS_DIR; };
		C9B5C6D520F6F0D1001E6206 /* PFExtensionObject_SwiftTests.swift */ = {isa = PBXFileReference; lastKnownFileType = sourcecode.swift; path = PFExtensionObject_SwiftTests.swift; sourceTree = "<group>"; };
		C9B5C6D720F6F0D1001E6206 /* Info.plist */ = {isa = PBXFileReference; lastKnownFileType = text.plist.xml; path = Info.plist; sourceTree = "<group>"; };
		C9B5C6DC20F6F0D1001E6206 /* PFExtensionObject-SwiftUITests.xctest */ = {isa = PBXFileReference; explicitFileType = wrapper.cfbundle; includeInIndex = 0; path = "PFExtensionObject-SwiftUITests.xctest"; sourceTree = BUILT_PRODUCTS_DIR; };
		C9B5C6E020F6F0D1001E6206 /* PFExtensionObject_SwiftUITests.swift */ = {isa = PBXFileReference; lastKnownFileType = sourcecode.swift; path = PFExtensionObject_SwiftUITests.swift; sourceTree = "<group>"; };
		C9B5C6E220F6F0D1001E6206 /* Info.plist */ = {isa = PBXFileReference; lastKnownFileType = text.plist.xml; path = Info.plist; sourceTree = "<group>"; };
		C9B5C6EF20F6F10A001E6206 /* PFExtensionIndex.swift */ = {isa = PBXFileReference; fileEncoding = 4; lastKnownFileType = sourcecode.swift; path = PFExtensionIndex.swift; sourceTree = "<group>"; };
		C9B5C6F020F6F10A001E6206 /* PFUILabelExtension.swift */ = {isa = PBXFileReference; fileEncoding = 4; lastKnownFileType = sourcecode.swift; path = PFUILabelExtension.swift; sourceTree = "<group>"; };
		C9B5C6F120F6F10A001E6206 /* PFUIButtonExtension.swift */ = {isa = PBXFileReference; fileEncoding = 4; lastKnownFileType = sourcecode.swift; path = PFUIButtonExtension.swift; sourceTree = "<group>"; };
		C9B5C6F220F6F10A001E6206 /* PFUITextFieldExtension.swift */ = {isa = PBXFileReference; fileEncoding = 4; lastKnownFileType = sourcecode.swift; path = PFUITextFieldExtension.swift; sourceTree = "<group>"; };
		C9B5C6F320F6F10A001E6206 /* PFStringExtension.swift */ = {isa = PBXFileReference; fileEncoding = 4; lastKnownFileType = sourcecode.swift; path = PFStringExtension.swift; sourceTree = "<group>"; };
		C9B5C6F420F6F10A001E6206 /* PFAlert.swift */ = {isa = PBXFileReference; fileEncoding = 4; lastKnownFileType = sourcecode.swift; path = PFAlert.swift; sourceTree = "<group>"; };
		C9B5C6F520F6F10A001E6206 /* PFObjectExtension.swift */ = {isa = PBXFileReference; fileEncoding = 4; lastKnownFileType = sourcecode.swift; path = PFObjectExtension.swift; sourceTree = "<group>"; };
/* End PBXFileReference section */

/* Begin PBXFrameworksBuildPhase section */
		C9B5C6BA20F6F0D0001E6206 /* Frameworks */ = {
			isa = PBXFrameworksBuildPhase;
			buildActionMask = 2147483647;
			files = (
			);
			runOnlyForDeploymentPostprocessing = 0;
		};
		C9B5C6CE20F6F0D1001E6206 /* Frameworks */ = {
			isa = PBXFrameworksBuildPhase;
			buildActionMask = 2147483647;
			files = (
			);
			runOnlyForDeploymentPostprocessing = 0;
		};
		C9B5C6D920F6F0D1001E6206 /* Frameworks */ = {
			isa = PBXFrameworksBuildPhase;
			buildActionMask = 2147483647;
			files = (
			);
			runOnlyForDeploymentPostprocessing = 0;
		};
/* End PBXFrameworksBuildPhase section */

/* Begin PBXGroup section */
		C9B5C6B420F6F0D0001E6206 = {
			isa = PBXGroup;
			children = (
				C9B5C6BF20F6F0D0001E6206 /* PFExtensionObject-Swift */,
				C9B5C6D420F6F0D1001E6206 /* PFExtensionObject-SwiftTests */,
				C9B5C6DF20F6F0D1001E6206 /* PFExtensionObject-SwiftUITests */,
				C9B5C6BE20F6F0D0001E6206 /* Products */,
			);
			sourceTree = "<group>";
		};
		C9B5C6BE20F6F0D0001E6206 /* Products */ = {
			isa = PBXGroup;
			children = (
				C9B5C6BD20F6F0D0001E6206 /* PFExtensionObject-Swift.app */,
				C9B5C6D120F6F0D1001E6206 /* PFExtensionObject-SwiftTests.xctest */,
				C9B5C6DC20F6F0D1001E6206 /* PFExtensionObject-SwiftUITests.xctest */,
			);
			name = Products;
			sourceTree = "<group>";
		};
		C9B5C6BF20F6F0D0001E6206 /* PFExtensionObject-Swift */ = {
			isa = PBXGroup;
			children = (
				C9B5C6EE20F6F10A001E6206 /* PFExtension */,
				C9B5C6C020F6F0D0001E6206 /* AppDelegate.swift */,
				C9B5C6C220F6F0D0001E6206 /* ViewController.swift */,
				C9B5C6C420F6F0D0001E6206 /* Main.storyboard */,
				C9B5C6C720F6F0D1001E6206 /* Assets.xcassets */,
				C9B5C6C920F6F0D1001E6206 /* LaunchScreen.storyboard */,
				C9B5C6CC20F6F0D1001E6206 /* Info.plist */,
			);
			path = "PFExtensionObject-Swift";
			sourceTree = "<group>";
		};
		C9B5C6D420F6F0D1001E6206 /* PFExtensionObject-SwiftTests */ = {
			isa = PBXGroup;
			children = (
				C9B5C6D520F6F0D1001E6206 /* PFExtensionObject_SwiftTests.swift */,
				C9B5C6D720F6F0D1001E6206 /* Info.plist */,
			);
			path = "PFExtensionObject-SwiftTests";
			sourceTree = "<group>";
		};
		C9B5C6DF20F6F0D1001E6206 /* PFExtensionObject-SwiftUITests */ = {
			isa = PBXGroup;
			children = (
				C9B5C6E020F6F0D1001E6206 /* PFExtensionObject_SwiftUITests.swift */,
				C9B5C6E220F6F0D1001E6206 /* Info.plist */,
			);
			path = "PFExtensionObject-SwiftUITests";
			sourceTree = "<group>";
		};
		C9B5C6EE20F6F10A001E6206 /* PFExtension */ = {
			isa = PBXGroup;
			children = (
				C9B5C6EF20F6F10A001E6206 /* PFExtensionIndex.swift */,
				C9B5C6F020F6F10A001E6206 /* PFUILabelExtension.swift */,
				C9B5C6F120F6F10A001E6206 /* PFUIButtonExtension.swift */,
				C9B5C6F220F6F10A001E6206 /* PFUITextFieldExtension.swift */,
				C9B5C6F320F6F10A001E6206 /* PFStringExtension.swift */,
				C9B5C6F420F6F10A001E6206 /* PFAlert.swift */,
				C9B5C6F520F6F10A001E6206 /* PFObjectExtension.swift */,
			);
			path = PFExtension;
			sourceTree = "<group>";
		};
/* End PBXGroup section */

/* Begin PBXNativeTarget section */
		C9B5C6BC20F6F0D0001E6206 /* PFExtensionObject-Swift */ = {
			isa = PBXNativeTarget;
			buildConfigurationList = C9B5C6E520F6F0D1001E6206 /* Build configuration list for PBXNativeTarget "PFExtensionObject-Swift" */;
			buildPhases = (
				C9B5C6B920F6F0D0001E6206 /* Sources */,
				C9B5C6BA20F6F0D0001E6206 /* Frameworks */,
				C9B5C6BB20F6F0D0001E6206 /* Resources */,
			);
			buildRules = (
			);
			dependencies = (
			);
			name = "PFExtensionObject-Swift";
			productName = "PFExtensionObject-Swift";
			productReference = C9B5C6BD20F6F0D0001E6206 /* PFExtensionObject-Swift.app */;
			productType = "com.apple.product-type.application";
		};
		C9B5C6D020F6F0D1001E6206 /* PFExtensionObject-SwiftTests */ = {
			isa = PBXNativeTarget;
			buildConfigurationList = C9B5C6E820F6F0D1001E6206 /* Build configuration list for PBXNativeTarget "PFExtensionObject-SwiftTests" */;
			buildPhases = (
				C9B5C6CD20F6F0D1001E6206 /* Sources */,
				C9B5C6CE20F6F0D1001E6206 /* Frameworks */,
				C9B5C6CF20F6F0D1001E6206 /* Resources */,
			);
			buildRules = (
			);
			dependencies = (
				C9B5C6D320F6F0D1001E6206 /* PBXTargetDependency */,
			);
			name = "PFExtensionObject-SwiftTests";
			productName = "PFExtensionObject-SwiftTests";
			productReference = C9B5C6D120F6F0D1001E6206 /* PFExtensionObject-SwiftTests.xctest */;
			productType = "com.apple.product-type.bundle.unit-test";
		};
		C9B5C6DB20F6F0D1001E6206 /* PFExtensionObject-SwiftUITests */ = {
			isa = PBXNativeTarget;
			buildConfigurationList = C9B5C6EB20F6F0D1001E6206 /* Build configuration list for PBXNativeTarget "PFExtensionObject-SwiftUITests" */;
			buildPhases = (
				C9B5C6D820F6F0D1001E6206 /* Sources */,
				C9B5C6D920F6F0D1001E6206 /* Frameworks */,
				C9B5C6DA20F6F0D1001E6206 /* Resources */,
			);
			buildRules = (
			);
			dependencies = (
				C9B5C6DE20F6F0D1001E6206 /* PBXTargetDependency */,
			);
			name = "PFExtensionObject-SwiftUITests";
			productName = "PFExtensionObject-SwiftUITests";
			productReference = C9B5C6DC20F6F0D1001E6206 /* PFExtensionObject-SwiftUITests.xctest */;
			productType = "com.apple.product-type.bundle.ui-testing";
		};
/* End PBXNativeTarget section */

/* Begin PBXProject section */
		C9B5C6B520F6F0D0001E6206 /* Project object */ = {
			isa = PBXProject;
			attributes = {
				LastSwiftUpdateCheck = 0930;
				LastUpgradeCheck = 0930;
				ORGANIZATIONNAME = "guo-pf";
				TargetAttributes = {
					C9B5C6BC20F6F0D0001E6206 = {
						CreatedOnToolsVersion = 9.3.1;
					};
					C9B5C6D020F6F0D1001E6206 = {
						CreatedOnToolsVersion = 9.3.1;
						TestTargetID = C9B5C6BC20F6F0D0001E6206;
					};
					C9B5C6DB20F6F0D1001E6206 = {
						CreatedOnToolsVersion = 9.3.1;
						TestTargetID = C9B5C6BC20F6F0D0001E6206;
					};
				};
			};
			buildConfigurationList = C9B5C6B820F6F0D0001E6206 /* Build configuration list for PBXProject "PFExtensionObject-Swift" */;
			compatibilityVersion = "Xcode 9.3";
			developmentRegion = en;
			hasScannedForEncodings = 0;
			knownRegions = (
				en,
				Base,
			);
			mainGroup = C9B5C6B420F6F0D0001E6206;
			productRefGroup = C9B5C6BE20F6F0D0001E6206 /* Products */;
			projectDirPath = "";
			projectRoot = "";
			targets = (
				C9B5C6BC20F6F0D0001E6206 /* PFExtensionObject-Swift */,
				C9B5C6D020F6F0D1001E6206 /* PFExtensionObject-SwiftTests */,
				C9B5C6DB20F6F0D1001E6206 /* PFExtensionObject-SwiftUITests */,
			);
		};
/* End PBXProject section */

/* Begin PBXResourcesBuildPhase section */
		C9B5C6BB20F6F0D0001E6206 /* Resources */ = {
			isa = PBXResourcesBuildPhase;
			buildActionMask = 2147483647;
			files = (
				C9B5C6CB20F6F0D1001E6206 /* LaunchScreen.storyboard in Resources */,
				C9B5C6C820F6F0D1001E6206 /* Assets.xcassets in Resources */,
				C9B5C6C620F6F0D0001E6206 /* Main.storyboard in Resources */,
			);
			runOnlyForDeploymentPostprocessing = 0;
		};
		C9B5C6CF20F6F0D1001E6206 /* Resources */ = {
			isa = PBXResourcesBuildPhase;
			buildActionMask = 2147483647;
			files = (
			);
			runOnlyForDeploymentPostprocessing = 0;
		};
		C9B5C6DA20F6F0D1001E6206 /* Resources */ = {
			isa = PBXResourcesBuildPhase;
			buildActionMask = 2147483647;
			files = (
			);
			runOnlyForDeploymentPostprocessing = 0;
		};
/* End PBXResourcesBuildPhase section */

/* Begin PBXSourcesBuildPhase section */
		C9B5C6B920F6F0D0001E6206 /* Sources */ = {
			isa = PBXSourcesBuildPhase;
			buildActionMask = 2147483647;
			files = (
				C9B5C6F720F6F10A001E6206 /* PFUILabelExtension.swift in Sources */,
				C9B5C6C320F6F0D0001E6206 /* ViewController.swift in Sources */,
				C9B5C6F620F6F10A001E6206 /* PFExtensionIndex.swift in Sources */,
				C9B5C6FC20F6F10A001E6206 /* PFObjectExtension.swift in Sources */,
				C9B5C6F920F6F10A001E6206 /* PFUITextFieldExtension.swift in Sources */,
				C9B5C6F820F6F10A001E6206 /* PFUIButtonExtension.swift in Sources */,
				C9B5C6FA20F6F10A001E6206 /* PFStringExtension.swift in Sources */,
				C9B5C6FB20F6F10A001E6206 /* PFAlert.swift in Sources */,
				C9B5C6C120F6F0D0001E6206 /* AppDelegate.swift in Sources */,
			);
			runOnlyForDeploymentPostprocessing = 0;
		};
		C9B5C6CD20F6F0D1001E6206 /* Sources */ = {
			isa = PBXSourcesBuildPhase;
			buildActionMask = 2147483647;
			files = (
				C9B5C6D620F6F0D1001E6206 /* PFExtensionObject_SwiftTests.swift in Sources */,
			);
			runOnlyForDeploymentPostprocessing = 0;
		};
		C9B5C6D820F6F0D1001E6206 /* Sources */ = {
			isa = PBXSourcesBuildPhase;
			buildActionMask = 2147483647;
			files = (
				C9B5C6E120F6F0D1001E6206 /* PFExtensionObject_SwiftUITests.swift in Sources */,
			);
			runOnlyForDeploymentPostprocessing = 0;
		};
/* End PBXSourcesBuildPhase section */

/* Begin PBXTargetDependency section */
		C9B5C6D320F6F0D1001E6206 /* PBXTargetDependency */ = {
			isa = PBXTargetDependency;
			target = C9B5C6BC20F6F0D0001E6206 /* PFExtensionObject-Swift */;
			targetProxy = C9B5C6D220F6F0D1001E6206 /* PBXContainerItemProxy */;
		};
		C9B5C6DE20F6F0D1001E6206 /* PBXTargetDependency */ = {
			isa = PBXTargetDependency;
			target = C9B5C6BC20F6F0D0001E6206 /* PFExtensionObject-Swift */;
			targetProxy = C9B5C6DD20F6F0D1001E6206 /* PBXContainerItemProxy */;
		};
/* End PBXTargetDependency section */

/* Begin PBXVariantGroup section */
		C9B5C6C420F6F0D0001E6206 /* Main.storyboard */ = {
			isa = PBXVariantGroup;
			children = (
				C9B5C6C520F6F0D0001E6206 /* Base */,
			);
			name = Main.storyboard;
			sourceTree = "<group>";
		};
		C9B5C6C920F6F0D1001E6206 /* LaunchScreen.storyboard */ = {
			isa = PBXVariantGroup;
			children = (
				C9B5C6CA20F6F0D1001E6206 /* Base */,
			);
			name = LaunchScreen.storyboard;
			sourceTree = "<group>";
		};
/* End PBXVariantGroup section */

/* Begin XCBuildConfiguration section */
		C9B5C6E320F6F0D1001E6206 /* Debug */ = {
			isa = XCBuildConfiguration;
			buildSettings = {
				ALWAYS_SEARCH_USER_PATHS = NO;
				CLANG_ANALYZER_NONNULL = YES;
				CLANG_ANALYZER_NUMBER_OBJECT_CONVERSION = YES_AGGRESSIVE;
				CLANG_CXX_LANGUAGE_STANDARD = "gnu++14";
				CLANG_CXX_LIBRARY = "libc++";
				CLANG_ENABLE_MODULES = YES;
				CLANG_ENABLE_OBJC_ARC = YES;
				CLANG_ENABLE_OBJC_WEAK = YES;
				CLANG_WARN_BLOCK_CAPTURE_AUTORELEASING = YES;
				CLANG_WARN_BOOL_CONVERSION = YES;
				CLANG_WARN_COMMA = YES;
				CLANG_WARN_CONSTANT_CONVERSION = YES;
				CLANG_WARN_DEPRECATED_OBJC_IMPLEMENTATIONS = YES;
				CLANG_WARN_DIRECT_OBJC_ISA_USAGE = YES_ERROR;
				CLANG_WARN_DOCUMENTATION_COMMENTS = YES;
				CLANG_WARN_EMPTY_BODY = YES;
				CLANG_WARN_ENUM_CONVERSION = YES;
				CLANG_WARN_INFINITE_RECURSION = YES;
				CLANG_WARN_INT_CONVERSION = YES;
				CLANG_WARN_NON_LITERAL_NULL_CONVERSION = YES;
				CLANG_WARN_OBJC_IMPLICIT_RETAIN_SELF = YES;
				CLANG_WARN_OBJC_LITERAL_CONVERSION = YES;
				CLANG_WARN_OBJC_ROOT_CLASS = YES_ERROR;
				CLANG_WARN_RANGE_LOOP_ANALYSIS = YES;
				CLANG_WARN_STRICT_PROTOTYPES = YES;
				CLANG_WARN_SUSPICIOUS_MOVE = YES;
				CLANG_WARN_UNGUARDED_AVAILABILITY = YES_AGGRESSIVE;
				CLANG_WARN_UNREACHABLE_CODE = YES;
				CLANG_WARN__DUPLICATE_METHOD_MATCH = YES;
				CODE_SIGN_IDENTITY = "iPhone Developer";
				COPY_PHASE_STRIP = NO;
				DEBUG_INFORMATION_FORMAT = dwarf;
				ENABLE_STRICT_OBJC_MSGSEND = YES;
				ENABLE_TESTABILITY = YES;
				GCC_C_LANGUAGE_STANDARD = gnu11;
				GCC_DYNAMIC_NO_PIC = NO;
				GCC_NO_COMMON_BLOCKS = YES;
				GCC_OPTIMIZATION_LEVEL = 0;
				GCC_PREPROCESSOR_DEFINITIONS = (
					"DEBUG=1",
					"$(inherited)",
				);
				GCC_WARN_64_TO_32_BIT_CONVERSION = YES;
				GCC_WARN_ABOUT_RETURN_TYPE = YES_ERROR;
				GCC_WARN_UNDECLARED_SELECTOR = YES;
				GCC_WARN_UNINITIALIZED_AUTOS = YES_AGGRESSIVE;
				GCC_WARN_UNUSED_FUNCTION = YES;
				GCC_WARN_UNUSED_VARIABLE = YES;
				IPHONEOS_DEPLOYMENT_TARGET = 11.3;
				MTL_ENABLE_DEBUG_INFO = YES;
				ONLY_ACTIVE_ARCH = YES;
				SDKROOT = iphoneos;
				SWIFT_ACTIVE_COMPILATION_CONDITIONS = DEBUG;
				SWIFT_OPTIMIZATION_LEVEL = "-Onone";
			};
			name = Debug;
		};
		C9B5C6E420F6F0D1001E6206 /* Release */ = {
			isa = XCBuildConfiguration;
			buildSettings = {
				ALWAYS_SEARCH_USER_PATHS = NO;
				CLANG_ANALYZER_NONNULL = YES;
				CLANG_ANALYZER_NUMBER_OBJECT_CONVERSION = YES_AGGRESSIVE;
				CLANG_CXX_LANGUAGE_STANDARD = "gnu++14";
				CLANG_CXX_LIBRARY = "libc++";
				CLANG_ENABLE_MODULES = YES;
				CLANG_ENABLE_OBJC_ARC = YES;
				CLANG_ENABLE_OBJC_WEAK = YES;
				CLANG_WARN_BLOCK_CAPTURE_AUTORELEASING = YES;
				CLANG_WARN_BOOL_CONVERSION = YES;
				CLANG_WARN_COMMA = YES;
				CLANG_WARN_CONSTANT_CONVERSION = YES;
				CLANG_WARN_DEPRECATED_OBJC_IMPLEMENTATIONS = YES;
				CLANG_WARN_DIRECT_OBJC_ISA_USAGE = YES_ERROR;
				CLANG_WARN_DOCUMENTATION_COMMENTS = YES;
				CLANG_WARN_EMPTY_BODY = YES;
				CLANG_WARN_ENUM_CONVERSION = YES;
				CLANG_WARN_INFINITE_RECURSION = YES;
				CLANG_WARN_INT_CONVERSION = YES;
				CLANG_WARN_NON_LITERAL_NULL_CONVERSION = YES;
				CLANG_WARN_OBJC_IMPLICIT_RETAIN_SELF = YES;
				CLANG_WARN_OBJC_LITERAL_CONVERSION = YES;
				CLANG_WARN_OBJC_ROOT_CLASS = YES_ERROR;
				CLANG_WARN_RANGE_LOOP_ANALYSIS = YES;
				CLANG_WARN_STRICT_PROTOTYPES = YES;
				CLANG_WARN_SUSPICIOUS_MOVE = YES;
				CLANG_WARN_UNGUARDED_AVAILABILITY = YES_AGGRESSIVE;
				CLANG_WARN_UNREACHABLE_CODE = YES;
				CLANG_WARN__DUPLICATE_METHOD_MATCH = YES;
				CODE_SIGN_IDENTITY = "iPhone Developer";
				COPY_PHASE_STRIP = NO;
				DEBUG_INFORMATION_FORMAT = "dwarf-with-dsym";
				ENABLE_NS_ASSERTIONS = NO;
				ENABLE_STRICT_OBJC_MSGSEND = YES;
				GCC_C_LANGUAGE_STANDARD = gnu11;
				GCC_NO_COMMON_BLOCKS = YES;
				GCC_WARN_64_TO_32_BIT_CONVERSION = YES;
				GCC_WARN_ABOUT_RETURN_TYPE = YES_ERROR;
				GCC_WARN_UNDECLARED_SELECTOR = YES;
				GCC_WARN_UNINITIALIZED_AUTOS = YES_AGGRESSIVE;
				GCC_WARN_UNUSED_FUNCTION = YES;
				GCC_WARN_UNUSED_VARIABLE = YES;
				IPHONEOS_DEPLOYMENT_TARGET = 11.3;
				MTL_ENABLE_DEBUG_INFO = NO;
				SDKROOT = iphoneos;
				SWIFT_COMPILATION_MODE = wholemodule;
				SWIFT_OPTIMIZATION_LEVEL = "-O";
				VALIDATE_PRODUCT = YES;
			};
			name = Release;
		};
		C9B5C6E620F6F0D1001E6206 /* Debug */ = {
			isa = XCBuildConfiguration;
			buildSettings = {
				ASSETCATALOG_COMPILER_APPICON_NAME = AppIcon;
				CODE_SIGN_STYLE = Automatic;
				DEVELOPMENT_TEAM = 982E63SSU5;
				INFOPLIST_FILE = "PFExtensionObject-Swift/Info.plist";
				LD_RUNPATH_SEARCH_PATHS = (
					"$(inherited)",
					"@executable_path/Frameworks",
				);
				PRODUCT_BUNDLE_IDENTIFIER = "guo-pf.PFExtensionObject-Swift";
				PRODUCT_NAME = "$(TARGET_NAME)";
				SWIFT_VERSION = 4.0;
				TARGETED_DEVICE_FAMILY = "1,2";
			};
			name = Debug;
		};
		C9B5C6E720F6F0D1001E6206 /* Release */ = {
			isa = XCBuildConfiguration;
			buildSettings = {
				ASSETCATALOG_COMPILER_APPICON_NAME = AppIcon;
				CODE_SIGN_STYLE = Automatic;
				DEVELOPMENT_TEAM = 982E63SSU5;
				INFOPLIST_FILE = "PFExtensionObject-Swift/Info.plist";
				LD_RUNPATH_SEARCH_PATHS = (
					"$(inherited)",
					"@executable_path/Frameworks",
				);
				PRODUCT_BUNDLE_IDENTIFIER = "guo-pf.PFExtensionObject-Swift";
				PRODUCT_NAME = "$(TARGET_NAME)";
				SWIFT_VERSION = 4.0;
				TARGETED_DEVICE_FAMILY = "1,2";
			};
			name = Release;
		};
		C9B5C6E920F6F0D1001E6206 /* Debug */ = {
			isa = XCBuildConfiguration;
			buildSettings = {
				ALWAYS_EMBED_SWIFT_STANDARD_LIBRARIES = YES;
				BUNDLE_LOADER = "$(TEST_HOST)";
				CODE_SIGN_STYLE = Automatic;
				DEVELOPMENT_TEAM = 982E63SSU5;
				INFOPLIST_FILE = "PFExtensionObject-SwiftTests/Info.plist";
				LD_RUNPATH_SEARCH_PATHS = (
					"$(inherited)",
					"@executable_path/Frameworks",
					"@loader_path/Frameworks",
				);
				PRODUCT_BUNDLE_IDENTIFIER = "guo-pf.PFExtensionObject-SwiftTests";
				PRODUCT_NAME = "$(TARGET_NAME)";
				SWIFT_VERSION = 4.0;
				TARGETED_DEVICE_FAMILY = "1,2";
				TEST_HOST = "$(BUILT_PRODUCTS_DIR)/PFExtensionObject-Swift.app/PFExtensionObject-Swift";
			};
			name = Debug;
		};
		C9B5C6EA20F6F0D1001E6206 /* Release */ = {
			isa = XCBuildConfiguration;
			buildSettings = {
				ALWAYS_EMBED_SWIFT_STANDARD_LIBRARIES = YES;
				BUNDLE_LOADER = "$(TEST_HOST)";
				CODE_SIGN_STYLE = Automatic;
				DEVELOPMENT_TEAM = 982E63SSU5;
				INFOPLIST_FILE = "PFExtensionObject-SwiftTests/Info.plist";
				LD_RUNPATH_SEARCH_PATHS = (
					"$(inherited)",
					"@executable_path/Frameworks",
					"@loader_path/Frameworks",
				);
				PRODUCT_BUNDLE_IDENTIFIER = "guo-pf.PFExtensionObject-SwiftTests";
				PRODUCT_NAME = "$(TARGET_NAME)";
				SWIFT_VERSION = 4.0;
				TARGETED_DEVICE_FAMILY = "1,2";
				TEST_HOST = "$(BUILT_PRODUCTS_DIR)/PFExtensionObject-Swift.app/PFExtensionObject-Swift";
			};
			name = Release;
		};
		C9B5C6EC20F6F0D1001E6206 /* Debug */ = {
			isa = XCBuildConfiguration;
			buildSettings = {
				ALWAYS_EMBED_SWIFT_STANDARD_LIBRARIES = YES;
				CODE_SIGN_STYLE = Automatic;
				DEVELOPMENT_TEAM = 982E63SSU5;
				INFOPLIST_FILE = "PFExtensionObject-SwiftUITests/Info.plist";
				LD_RUNPATH_SEARCH_PATHS = (
					"$(inherited)",
					"@executable_path/Frameworks",
					"@loader_path/Frameworks",
				);
				PRODUCT_BUNDLE_IDENTIFIER = "guo-pf.PFExtensionObject-SwiftUITests";
				PRODUCT_NAME = "$(TARGET_NAME)";
				SWIFT_VERSION = 4.0;
				TARGETED_DEVICE_FAMILY = "1,2";
				TEST_TARGET_NAME = "PFExtensionObject-Swift";
			};
			name = Debug;
		};
		C9B5C6ED20F6F0D1001E6206 /* Release */ = {
			isa = XCBuildConfiguration;
			buildSettings = {
				ALWAYS_EMBED_SWIFT_STANDARD_LIBRARIES = YES;
				CODE_SIGN_STYLE = Automatic;
				DEVELOPMENT_TEAM = 982E63SSU5;
				INFOPLIST_FILE = "PFExtensionObject-SwiftUITests/Info.plist";
				LD_RUNPATH_SEARCH_PATHS = (
					"$(inherited)",
					"@executable_path/Frameworks",
					"@loader_path/Frameworks",
				);
				PRODUCT_BUNDLE_IDENTIFIER = "guo-pf.PFExtensionObject-SwiftUITests";
				PRODUCT_NAME = "$(TARGET_NAME)";
				SWIFT_VERSION = 4.0;
				TARGETED_DEVICE_FAMILY = "1,2";
				TEST_TARGET_NAME = "PFExtensionObject-Swift";
			};
			name = Release;
		};
/* End XCBuildConfiguration section */

/* Begin XCConfigurationList section */
		C9B5C6B820F6F0D0001E6206 /* Build configuration list for PBXProject "PFExtensionObject-Swift" */ = {
			isa = XCConfigurationList;
			buildConfigurations = (
				C9B5C6E320F6F0D1001E6206 /* Debug */,
				C9B5C6E420F6F0D1001E6206 /* Release */,
			);
			defaultConfigurationIsVisible = 0;
			defaultConfigurationName = Release;
		};
		C9B5C6E520F6F0D1001E6206 /* Build configuration list for PBXNativeTarget "PFExtensionObject-Swift" */ = {
			isa = XCConfigurationList;
			buildConfigurations = (
				C9B5C6E620F6F0D1001E6206 /* Debug */,
				C9B5C6E720F6F0D1001E6206 /* Release */,
			);
			defaultConfigurationIsVisible = 0;
			defaultConfigurationName = Release;
		};
		C9B5C6E820F6F0D1001E6206 /* Build configuration list for PBXNativeTarget "PFExtensionObject-SwiftTests" */ = {
			isa = XCConfigurationList;
			buildConfigurations = (
				C9B5C6E920F6F0D1001E6206 /* Debug */,
				C9B5C6EA20F6F0D1001E6206 /* Release */,
			);
			defaultConfigurationIsVisible = 0;
			defaultConfigurationName = Release;
		};
		C9B5C6EB20F6F0D1001E6206 /* Build configuration list for PBXNativeTarget "PFExtensionObject-SwiftUITests" */ = {
			isa = XCConfigurationList;
			buildConfigurations = (
				C9B5C6EC20F6F0D1001E6206 /* Debug */,
				C9B5C6ED20F6F0D1001E6206 /* Release */,
			);
			defaultConfigurationIsVisible = 0;
			defaultConfigurationName = Release;
		};
/* End XCConfigurationList section */
	};
	rootObject = C9B5C6B520F6F0D0001E6206 /* Project object */;
}
